// !$*UTF8*$!
{
	archiveVersion = 1;
	classes = {
	};
	objectVersion = 50;
	objects = {

/* Begin PBXBuildFile section */
		89EBD2D120831FB800A6F19E /* AppDelegate.swift in Sources */ = {isa = PBXBuildFile; fileRef = 89EBD2D020831FB800A6F19E /* AppDelegate.swift */; };
		89EBD2D320831FB800A6F19E /* ViewController.swift in Sources */ = {isa = PBXBuildFile; fileRef = 89EBD2D220831FB800A6F19E /* ViewController.swift */; };
		89EBD2D620831FB800A6F19E /* Main.storyboard in Resources */ = {isa = PBXBuildFile; fileRef = 89EBD2D420831FB800A6F19E /* Main.storyboard */; };
		89EBD2D820831FBA00A6F19E /* Assets.xcassets in Resources */ = {isa = PBXBuildFile; fileRef = 89EBD2D720831FBA00A6F19E /* Assets.xcassets */; };
		89EBD2DB20831FBA00A6F19E /* LaunchScreen.storyboard in Resources */ = {isa = PBXBuildFile; fileRef = 89EBD2D920831FBA00A6F19E /* LaunchScreen.storyboard */; };
		89EBD2E620831FBA00A6F19E /* checkwork_leadersTests.swift in Sources */ = {isa = PBXBuildFile; fileRef = 89EBD2E520831FBA00A6F19E /* checkwork_leadersTests.swift */; };
		89EBD2F120831FBA00A6F19E /* checkwork_leadersUITests.swift in Sources */ = {isa = PBXBuildFile; fileRef = 89EBD2F020831FBA00A6F19E /* checkwork_leadersUITests.swift */; };
/* End PBXBuildFile section */

/* Begin PBXContainerItemProxy section */
		89EBD2E220831FBA00A6F19E /* PBXContainerItemProxy */ = {
			isa = PBXContainerItemProxy;
			containerPortal = 89EBD2C520831FB800A6F19E /* Project object */;
			proxyType = 1;
			remoteGlobalIDString = 89EBD2CC20831FB800A6F19E;
			remoteInfo = checkwork_leaders;
		};
		89EBD2ED20831FBA00A6F19E /* PBXContainerItemProxy */ = {
			isa = PBXContainerItemProxy;
			containerPortal = 89EBD2C520831FB800A6F19E /* Project object */;
			proxyType = 1;
			remoteGlobalIDString = 89EBD2CC20831FB800A6F19E;
			remoteInfo = checkwork_leaders;
		};
/* End PBXContainerItemProxy section */

/* Begin PBXFileReference section */
		89EBD2CD20831FB800A6F19E /* checkwork_leaders.app */ = {isa = PBXFileReference; explicitFileType = wrapper.application; includeInIndex = 0; path = checkwork_leaders.app; sourceTree = BUILT_PRODUCTS_DIR; };
		89EBD2D020831FB800A6F19E /* AppDelegate.swift */ = {isa = PBXFileReference; lastKnownFileType = sourcecode.swift; path = AppDelegate.swift; sourceTree = "<group>"; };
		89EBD2D220831FB800A6F19E /* ViewController.swift */ = {isa = PBXFileReference; lastKnownFileType = sourcecode.swift; path = ViewController.swift; sourceTree = "<group>"; };
		89EBD2D520831FB800A6F19E /* Base */ = {isa = PBXFileReference; lastKnownFileType = file.storyboard; name = Base; path = Base.lproj/Main.storyboard; sourceTree = "<group>"; };
		89EBD2D720831FBA00A6F19E /* Assets.xcassets */ = {isa = PBXFileReference; lastKnownFileType = folder.assetcatalog; path = Assets.xcassets; sourceTree = "<group>"; };
		89EBD2DA20831FBA00A6F19E /* Base */ = {isa = PBXFileReference; lastKnownFileType = file.storyboard; name = Base; path = Base.lproj/LaunchScreen.storyboard; sourceTree = "<group>"; };
		89EBD2DC20831FBA00A6F19E /* Info.plist */ = {isa = PBXFileReference; lastKnownFileType = text.plist.xml; path = Info.plist; sourceTree = "<group>"; };
		89EBD2E120831FBA00A6F19E /* checkwork_leadersTests.xctest */ = {isa = PBXFileReference; explicitFileType = wrapper.cfbundle; includeInIndex = 0; path = checkwork_leadersTests.xctest; sourceTree = BUILT_PRODUCTS_DIR; };
		89EBD2E520831FBA00A6F19E /* checkwork_leadersTests.swift */ = {isa = PBXFileReference; lastKnownFileType = sourcecode.swift; path = checkwork_leadersTests.swift; sourceTree = "<group>"; };
		89EBD2E720831FBA00A6F19E /* Info.plist */ = {isa = PBXFileReference; lastKnownFileType = text.plist.xml; path = Info.plist; sourceTree = "<group>"; };
		89EBD2EC20831FBA00A6F19E /* checkwork_leadersUITests.xctest */ = {isa = PBXFileReference; explicitFileType = wrapper.cfbundle; includeInIndex = 0; path = checkwork_leadersUITests.xctest; sourceTree = BUILT_PRODUCTS_DIR; };
		89EBD2F020831FBA00A6F19E /* checkwork_leadersUITests.swift */ = {isa = PBXFileReference; lastKnownFileType = sourcecode.swift; path = checkwork_leadersUITests.swift; sourceTree = "<group>"; };
		89EBD2F220831FBA00A6F19E /* Info.plist */ = {isa = PBXFileReference; lastKnownFileType = text.plist.xml; path = Info.plist; sourceTree = "<group>"; };
/* End PBXFileReference section */

/* Begin PBXFrameworksBuildPhase section */
		89EBD2CA20831FB800A6F19E /* Frameworks */ = {
			isa = PBXFrameworksBuildPhase;
			buildActionMask = 2147483647;
			files = (
			);
			runOnlyForDeploymentPostprocessing = 0;
		};
		89EBD2DE20831FBA00A6F19E /* Frameworks */ = {
			isa = PBXFrameworksBuildPhase;
			buildActionMask = 2147483647;
			files = (
			);
			runOnlyForDeploymentPostprocessing = 0;
		};
		89EBD2E920831FBA00A6F19E /* Frameworks */ = {
			isa = PBXFrameworksBuildPhase;
			buildActionMask = 2147483647;
			files = (
			);
			runOnlyForDeploymentPostprocessing = 0;
		};
/* End PBXFrameworksBuildPhase section */

/* Begin PBXGroup section */
		89EBD2C420831FB800A6F19E = {
			isa = PBXGroup;
			children = (
				89EBD2CF20831FB800A6F19E /* checkwork_leaders */,
				89EBD2E420831FBA00A6F19E /* checkwork_leadersTests */,
				89EBD2EF20831FBA00A6F19E /* checkwork_leadersUITests */,
				89EBD2CE20831FB800A6F19E /* Products */,
			);
			sourceTree = "<group>";
		};
		89EBD2CE20831FB800A6F19E /* Products */ = {
			isa = PBXGroup;
			children = (
				89EBD2CD20831FB800A6F19E /* checkwork_leaders.app */,
				89EBD2E120831FBA00A6F19E /* checkwork_leadersTests.xctest */,
				89EBD2EC20831FBA00A6F19E /* checkwork_leadersUITests.xctest */,
			);
			name = Products;
			sourceTree = "<group>";
		};
		89EBD2CF20831FB800A6F19E /* checkwork_leaders */ = {
			isa = PBXGroup;
			children = (
				89EBD2D020831FB800A6F19E /* AppDelegate.swift */,
				89EBD2D220831FB800A6F19E /* ViewController.swift */,
				89EBD2D420831FB800A6F19E /* Main.storyboard */,
				89EBD2D720831FBA00A6F19E /* Assets.xcassets */,
				89EBD2D920831FBA00A6F19E /* LaunchScreen.storyboard */,
				89EBD2DC20831FBA00A6F19E /* Info.plist */,
			);
			path = checkwork_leaders;
			sourceTree = "<group>";
		};
		89EBD2E420831FBA00A6F19E /* checkwork_leadersTests */ = {
			isa = PBXGroup;
			children = (
				89EBD2E520831FBA00A6F19E /* checkwork_leadersTests.swift */,
				89EBD2E720831FBA00A6F19E /* Info.plist */,
			);
			path = checkwork_leadersTests;
			sourceTree = "<group>";
		};
		89EBD2EF20831FBA00A6F19E /* checkwork_leadersUITests */ = {
			isa = PBXGroup;
			children = (
				89EBD2F020831FBA00A6F19E /* checkwork_leadersUITests.swift */,
				89EBD2F220831FBA00A6F19E /* Info.plist */,
			);
			path = checkwork_leadersUITests;
			sourceTree = "<group>";
		};
/* End PBXGroup section */

/* Begin PBXNativeTarget section */
		89EBD2CC20831FB800A6F19E /* checkwork_leaders */ = {
			isa = PBXNativeTarget;
			buildConfigurationList = 89EBD2F520831FBA00A6F19E /* Build configuration list for PBXNativeTarget "checkwork_leaders" */;
			buildPhases = (
				89EBD2C920831FB800A6F19E /* Sources */,
				89EBD2CA20831FB800A6F19E /* Frameworks */,
				89EBD2CB20831FB800A6F19E /* Resources */,
			);
			buildRules = (
			);
			dependencies = (
			);
			name = checkwork_leaders;
			productName = checkwork_leaders;
			productReference = 89EBD2CD20831FB800A6F19E /* checkwork_leaders.app */;
			productType = "com.apple.product-type.application";
		};
		89EBD2E020831FBA00A6F19E /* checkwork_leadersTests */ = {
			isa = PBXNativeTarget;
			buildConfigurationList = 89EBD2F820831FBA00A6F19E /* Build configuration list for PBXNativeTarget "checkwork_leadersTests" */;
			buildPhases = (
				89EBD2DD20831FBA00A6F19E /* Sources */,
				89EBD2DE20831FBA00A6F19E /* Frameworks */,
				89EBD2DF20831FBA00A6F19E /* Resources */,
			);
			buildRules = (
			);
			dependencies = (
				89EBD2E320831FBA00A6F19E /* PBXTargetDependency */,
			);
			name = checkwork_leadersTests;
			productName = checkwork_leadersTests;
			productReference = 89EBD2E120831FBA00A6F19E /* checkwork_leadersTests.xctest */;
			productType = "com.apple.product-type.bundle.unit-test";
		};
		89EBD2EB20831FBA00A6F19E /* checkwork_leadersUITests */ = {
			isa = PBXNativeTarget;
			buildConfigurationList = 89EBD2FB20831FBA00A6F19E /* Build configuration list for PBXNativeTarget "checkwork_leadersUITests" */;
			buildPhases = (
				89EBD2E820831FBA00A6F19E /* Sources */,
				89EBD2E920831FBA00A6F19E /* Frameworks */,
				89EBD2EA20831FBA00A6F19E /* Resources */,
			);
			buildRules = (
			);
			dependencies = (
				89EBD2EE20831FBA00A6F19E /* PBXTargetDependency */,
			);
			name = checkwork_leadersUITests;
			productName = checkwork_leadersUITests;
			productReference = 89EBD2EC20831FBA00A6F19E /* checkwork_leadersUITests.xctest */;
			productType = "com.apple.product-type.bundle.ui-testing";
		};
/* End PBXNativeTarget section */

/* Begin PBXProject section */
		89EBD2C520831FB800A6F19E /* Project object */ = {
			isa = PBXProject;
			attributes = {
				LastSwiftUpdateCheck = 0930;
				LastUpgradeCheck = 0930;
				ORGANIZATIONNAME = RigCrunch;
				TargetAttributes = {
					89EBD2CC20831FB800A6F19E = {
						CreatedOnToolsVersion = 9.3;
					};
					89EBD2E020831FBA00A6F19E = {
						CreatedOnToolsVersion = 9.3;
						TestTargetID = 89EBD2CC20831FB800A6F19E;
					};
					89EBD2EB20831FBA00A6F19E = {
						CreatedOnToolsVersion = 9.3;
						TestTargetID = 89EBD2CC20831FB800A6F19E;
					};
				};
			};
			buildConfigurationList = 89EBD2C820831FB800A6F19E /* Build configuration list for PBXProject "checkwork_leaders" */;
			compatibilityVersion = "Xcode 9.3";
			developmentRegion = en;
			hasScannedForEncodings = 0;
			knownRegions = (
				en,
				Base,
			);
			mainGroup = 89EBD2C420831FB800A6F19E;
			productRefGroup = 89EBD2CE20831FB800A6F19E /* Products */;
			projectDirPath = "";
			projectRoot = "";
			targets = (
				89EBD2CC20831FB800A6F19E /* checkwork_leaders */,
				89EBD2E020831FBA00A6F19E /* checkwork_leadersTests */,
				89EBD2EB20831FBA00A6F19E /* checkwork_leadersUITests */,
			);
		};
/* End PBXProject section */

/* Begin PBXResourcesBuildPhase section */
		89EBD2CB20831FB800A6F19E /* Resources */ = {
			isa = PBXResourcesBuildPhase;
			buildActionMask = 2147483647;
			files = (
				89EBD2DB20831FBA00A6F19E /* LaunchScreen.storyboard in Resources */,
				89EBD2D820831FBA00A6F19E /* Assets.xcassets in Resources */,
				89EBD2D620831FB800A6F19E /* Main.storyboard in Resources */,
			);
			runOnlyForDeploymentPostprocessing = 0;
		};
		89EBD2DF20831FBA00A6F19E /* Resources */ = {
			isa = PBXResourcesBuildPhase;
			buildActionMask = 2147483647;
			files = (
			);
			runOnlyForDeploymentPostprocessing = 0;
		};
		89EBD2EA20831FBA00A6F19E /* Resources */ = {
			isa = PBXResourcesBuildPhase;
			buildActionMask = 2147483647;
			files = (
			);
			runOnlyForDeploymentPostprocessing = 0;
		};
/* End PBXResourcesBuildPhase section */

/* Begin PBXSourcesBuildPhase section */
		89EBD2C920831FB800A6F19E /* Sources */ = {
			isa = PBXSourcesBuildPhase;
			buildActionMask = 2147483647;
			files = (
				89EBD2D320831FB800A6F19E /* ViewController.swift in Sources */,
				89EBD2D120831FB800A6F19E /* AppDelegate.swift in Sources */,
			);
			runOnlyForDeploymentPostprocessing = 0;
		};
		89EBD2DD20831FBA00A6F19E /* Sources */ = {
			isa = PBXSourcesBuildPhase;
			buildActionMask = 2147483647;
			files = (
				89EBD2E620831FBA00A6F19E /* checkwork_leadersTests.swift in Sources */,
			);
			runOnlyForDeploymentPostprocessing = 0;
		};
		89EBD2E820831FBA00A6F19E /* Sources */ = {
			isa = PBXSourcesBuildPhase;
			buildActionMask = 2147483647;
			files = (
				89EBD2F120831FBA00A6F19E /* checkwork_leadersUITests.swift in Sources */,
			);
			runOnlyForDeploymentPostprocessing = 0;
		};
/* End PBXSourcesBuildPhase section */

/* Begin PBXTargetDependency section */
		89EBD2E320831FBA00A6F19E /* PBXTargetDependency */ = {
			isa = PBXTargetDependency;
			target = 89EBD2CC20831FB800A6F19E /* checkwork_leaders */;
			targetProxy = 89EBD2E220831FBA00A6F19E /* PBXContainerItemProxy */;
		};
		89EBD2EE20831FBA00A6F19E /* PBXTargetDependency */ = {
			isa = PBXTargetDependency;
			target = 89EBD2CC20831FB800A6F19E /* checkwork_leaders */;
			targetProxy = 89EBD2ED20831FBA00A6F19E /* PBXContainerItemProxy */;
		};
/* End PBXTargetDependency section */

/* Begin PBXVariantGroup section */
		89EBD2D420831FB800A6F19E /* Main.storyboard */ = {
			isa = PBXVariantGroup;
			children = (
				89EBD2D520831FB800A6F19E /* Base */,
			);
			name = Main.storyboard;
			sourceTree = "<group>";
		};
		89EBD2D920831FBA00A6F19E /* LaunchScreen.storyboard */ = {
			isa = PBXVariantGroup;
			children = (
				89EBD2DA20831FBA00A6F19E /* Base */,
			);
			name = LaunchScreen.storyboard;
			sourceTree = "<group>";
		};
/* End PBXVariantGroup section */

/* Begin XCBuildConfiguration section */
		89EBD2F320831FBA00A6F19E /* Debug */ = {
			isa = XCBuildConfiguration;
			buildSettings = {
				ALWAYS_SEARCH_USER_PATHS = NO;
				CLANG_ANALYZER_NONNULL = YES;
				CLANG_ANALYZER_NUMBER_OBJECT_CONVERSION = YES_AGGRESSIVE;
				CLANG_CXX_LANGUAGE_STANDARD = "gnu++14";
				CLANG_CXX_LIBRARY = "libc++";
				CLANG_ENABLE_MODULES = YES;
				CLANG_ENABLE_OBJC_ARC = YES;
				CLANG_ENABLE_OBJC_WEAK = YES;
				CLANG_WARN_BLOCK_CAPTURE_AUTORELEASING = YES;
				CLANG_WARN_BOOL_CONVERSION = YES;
				CLANG_WARN_COMMA = YES;
				CLANG_WARN_CONSTANT_CONVERSION = YES;
				CLANG_WARN_DEPRECATED_OBJC_IMPLEMENTATIONS = YES;
				CLANG_WARN_DIRECT_OBJC_ISA_USAGE = YES_ERROR;
				CLANG_WARN_DOCUMENTATION_COMMENTS = YES;
				CLANG_WARN_EMPTY_BODY = YES;
				CLANG_WARN_ENUM_CONVERSION = YES;
				CLANG_WARN_INFINITE_RECURSION = YES;
				CLANG_WARN_INT_CONVERSION = YES;
				CLANG_WARN_NON_LITERAL_NULL_CONVERSION = YES;
				CLANG_WARN_OBJC_IMPLICIT_RETAIN_SELF = YES;
				CLANG_WARN_OBJC_LITERAL_CONVERSION = YES;
				CLANG_WARN_OBJC_ROOT_CLASS = YES_ERROR;
				CLANG_WARN_RANGE_LOOP_ANALYSIS = YES;
				CLANG_WARN_STRICT_PROTOTYPES = YES;
				CLANG_WARN_SUSPICIOUS_MOVE = YES;
				CLANG_WARN_UNGUARDED_AVAILABILITY = YES_AGGRESSIVE;
				CLANG_WARN_UNREACHABLE_CODE = YES;
				CLANG_WARN__DUPLICATE_METHOD_MATCH = YES;
				CODE_SIGN_IDENTITY = "iPhone Developer";
				COPY_PHASE_STRIP = NO;
				DEBUG_INFORMATION_FORMAT = dwarf;
				ENABLE_STRICT_OBJC_MSGSEND = YES;
				ENABLE_TESTABILITY = YES;
				GCC_C_LANGUAGE_STANDARD = gnu11;
				GCC_DYNAMIC_NO_PIC = NO;
				GCC_NO_COMMON_BLOCKS = YES;
				GCC_OPTIMIZATION_LEVEL = 0;
				GCC_PREPROCESSOR_DEFINITIONS = (
					"DEBUG=1",
					"$(inherited)",
				);
				GCC_WARN_64_TO_32_BIT_CONVERSION = YES;
				GCC_WARN_ABOUT_RETURN_TYPE = YES_ERROR;
				GCC_WARN_UNDECLARED_SELECTOR = YES;
				GCC_WARN_UNINITIALIZED_AUTOS = YES_AGGRESSIVE;
				GCC_WARN_UNUSED_FUNCTION = YES;
				GCC_WARN_UNUSED_VARIABLE = YES;
				IPHONEOS_DEPLOYMENT_TARGET = 11.3;
				MTL_ENABLE_DEBUG_INFO = YES;
				ONLY_ACTIVE_ARCH = YES;
				SDKROOT = iphoneos;
				SWIFT_ACTIVE_COMPILATION_CONDITIONS = DEBUG;
				SWIFT_OPTIMIZATION_LEVEL = "-Onone";
			};
			name = Debug;
		};
		89EBD2F420831FBA00A6F19E /* Release */ = {
			isa = XCBuildConfiguration;
			buildSettings = {
				ALWAYS_SEARCH_USER_PATHS = NO;
				CLANG_ANALYZER_NONNULL = YES;
				CLANG_ANALYZER_NUMBER_OBJECT_CONVERSION = YES_AGGRESSIVE;
				CLANG_CXX_LANGUAGE_STANDARD = "gnu++14";
				CLANG_CXX_LIBRARY = "libc++";
				CLANG_ENABLE_MODULES = YES;
				CLANG_ENABLE_OBJC_ARC = YES;
				CLANG_ENABLE_OBJC_WEAK = YES;
				CLANG_WARN_BLOCK_CAPTURE_AUTORELEASING = YES;
				CLANG_WARN_BOOL_CONVERSION = YES;
				CLANG_WARN_COMMA = YES;
				CLANG_WARN_CONSTANT_CONVERSION = YES;
				CLANG_WARN_DEPRECATED_OBJC_IMPLEMENTATIONS = YES;
				CLANG_WARN_DIRECT_OBJC_ISA_USAGE = YES_ERROR;
				CLANG_WARN_DOCUMENTATION_COMMENTS = YES;
				CLANG_WARN_EMPTY_BODY = YES;
				CLANG_WARN_ENUM_CONVERSION = YES;
				CLANG_WARN_INFINITE_RECURSION = YES;
				CLANG_WARN_INT_CONVERSION = YES;
				CLANG_WARN_NON_LITERAL_NULL_CONVERSION = YES;
				CLANG_WARN_OBJC_IMPLICIT_RETAIN_SELF = YES;
				CLANG_WARN_OBJC_LITERAL_CONVERSION = YES;
				CLANG_WARN_OBJC_ROOT_CLASS = YES_ERROR;
				CLANG_WARN_RANGE_LOOP_ANALYSIS = YES;
				CLANG_WARN_STRICT_PROTOTYPES = YES;
				CLANG_WARN_SUSPICIOUS_MOVE = YES;
				CLANG_WARN_UNGUARDED_AVAILABILITY = YES_AGGRESSIVE;
				CLANG_WARN_UNREACHABLE_CODE = YES;
				CLANG_WARN__DUPLICATE_METHOD_MATCH = YES;
				CODE_SIGN_IDENTITY = "iPhone Developer";
				COPY_PHASE_STRIP = NO;
				DEBUG_INFORMATION_FORMAT = "dwarf-with-dsym";
				ENABLE_NS_ASSERTIONS = NO;
				ENABLE_STRICT_OBJC_MSGSEND = YES;
				GCC_C_LANGUAGE_STANDARD = gnu11;
				GCC_NO_COMMON_BLOCKS = YES;
				GCC_WARN_64_TO_32_BIT_CONVERSION = YES;
				GCC_WARN_ABOUT_RETURN_TYPE = YES_ERROR;
				GCC_WARN_UNDECLARED_SELECTOR = YES;
				GCC_WARN_UNINITIALIZED_AUTOS = YES_AGGRESSIVE;
				GCC_WARN_UNUSED_FUNCTION = YES;
				GCC_WARN_UNUSED_VARIABLE = YES;
				IPHONEOS_DEPLOYMENT_TARGET = 11.3;
				MTL_ENABLE_DEBUG_INFO = NO;
				SDKROOT = iphoneos;
				SWIFT_COMPILATION_MODE = wholemodule;
				SWIFT_OPTIMIZATION_LEVEL = "-O";
				VALIDATE_PRODUCT = YES;
			};
			name = Release;
		};
		89EBD2F620831FBA00A6F19E /* Debug */ = {
			isa = XCBuildConfiguration;
			buildSettings = {
				ASSETCATALOG_COMPILER_APPICON_NAME = AppIcon;
				CODE_SIGN_STYLE = Automatic;
				DEVELOPMENT_TEAM = 84UWVBQRS2;
				INFOPLIST_FILE = checkwork_leaders/Info.plist;
				LD_RUNPATH_SEARCH_PATHS = (
					"$(inherited)",
					"@executable_path/Frameworks",
				);
				PRODUCT_BUNDLE_IDENTIFIER = "RC.checkwork-leaders";
				PRODUCT_NAME = "$(TARGET_NAME)";
				SWIFT_VERSION = 4.0;
				TARGETED_DEVICE_FAMILY = "1,2";
			};
			name = Debug;
		};
		89EBD2F720831FBA00A6F19E /* Release */ = {
			isa = XCBuildConfiguration;
			buildSettings = {
				ASSETCATALOG_COMPILER_APPICON_NAME = AppIcon;
				CODE_SIGN_STYLE = Automatic;
				DEVELOPMENT_TEAM = 84UWVBQRS2;
				INFOPLIST_FILE = checkwork_leaders/Info.plist;
				LD_RUNPATH_SEARCH_PATHS = (
					"$(inherited)",
					"@executable_path/Frameworks",
				);
				PRODUCT_BUNDLE_IDENTIFIER = "RC.checkwork-leaders";
				PRODUCT_NAME = "$(TARGET_NAME)";
				SWIFT_VERSION = 4.0;
				TARGETED_DEVICE_FAMILY = "1,2";
			};
			name = Release;
		};
		89EBD2F920831FBA00A6F19E /* Debug */ = {
			isa = XCBuildConfiguration;
			buildSettings = {
				ALWAYS_EMBED_SWIFT_STANDARD_LIBRARIES = YES;
				BUNDLE_LOADER = "$(TEST_HOST)";
				CODE_SIGN_STYLE = Automatic;
				DEVELOPMENT_TEAM = 84UWVBQRS2;
				INFOPLIST_FILE = checkwork_leadersTests/Info.plist;
				LD_RUNPATH_SEARCH_PATHS = (
					"$(inherited)",
					"@executable_path/Frameworks",
					"@loader_path/Frameworks",
				);
				PRODUCT_BUNDLE_IDENTIFIER = "RC.checkwork-leadersTests";
				PRODUCT_NAME = "$(TARGET_NAME)";
				SWIFT_VERSION = 4.0;
				TARGETED_DEVICE_FAMILY = "1,2";
				TEST_HOST = "$(BUILT_PRODUCTS_DIR)/checkwork_leaders.app/checkwork_leaders";
			};
			name = Debug;
		};
		89EBD2FA20831FBA00A6F19E /* Release */ = {
			isa = XCBuildConfiguration;
			buildSettings = {
				ALWAYS_EMBED_SWIFT_STANDARD_LIBRARIES = YES;
				BUNDLE_LOADER = "$(TEST_HOST)";
				CODE_SIGN_STYLE = Automatic;
				DEVELOPMENT_TEAM = 84UWVBQRS2;
				INFOPLIST_FILE = checkwork_leadersTests/Info.plist;
				LD_RUNPATH_SEARCH_PATHS = (
					"$(inherited)",
					"@executable_path/Frameworks",
					"@loader_path/Frameworks",
				);
				PRODUCT_BUNDLE_IDENTIFIER = "RC.checkwork-leadersTests";
				PRODUCT_NAME = "$(TARGET_NAME)";
				SWIFT_VERSION = 4.0;
				TARGETED_DEVICE_FAMILY = "1,2";
				TEST_HOST = "$(BUILT_PRODUCTS_DIR)/checkwork_leaders.app/checkwork_leaders";
			};
			name = Release;
		};
		89EBD2FC20831FBA00A6F19E /* Debug */ = {
			isa = XCBuildConfiguration;
			buildSettings = {
				ALWAYS_EMBED_SWIFT_STANDARD_LIBRARIES = YES;
				CODE_SIGN_STYLE = Automatic;
				DEVELOPMENT_TEAM = 84UWVBQRS2;
				INFOPLIST_FILE = checkwork_leadersUITests/Info.plist;
				LD_RUNPATH_SEARCH_PATHS = (
					"$(inherited)",
					"@executable_path/Frameworks",
					"@loader_path/Frameworks",
				);
				PRODUCT_BUNDLE_IDENTIFIER = "RC.checkwork-leadersUITests";
				PRODUCT_NAME = "$(TARGET_NAME)";
				SWIFT_VERSION = 4.0;
				TARGETED_DEVICE_FAMILY = "1,2";
				TEST_TARGET_NAME = checkwork_leaders;
			};
			name = Debug;
		};
		89EBD2FD20831FBA00A6F19E /* Release */ = {
			isa = XCBuildConfiguration;
			buildSettings = {
				ALWAYS_EMBED_SWIFT_STANDARD_LIBRARIES = YES;
				CODE_SIGN_STYLE = Automatic;
				DEVELOPMENT_TEAM = 84UWVBQRS2;
				INFOPLIST_FILE = checkwork_leadersUITests/Info.plist;
				LD_RUNPATH_SEARCH_PATHS = (
					"$(inherited)",
					"@executable_path/Frameworks",
					"@loader_path/Frameworks",
				);
				PRODUCT_BUNDLE_IDENTIFIER = "RC.checkwork-leadersUITests";
				PRODUCT_NAME = "$(TARGET_NAME)";
				SWIFT_VERSION = 4.0;
				TARGETED_DEVICE_FAMILY = "1,2";
				TEST_TARGET_NAME = checkwork_leaders;
			};
			name = Release;
		};
/* End XCBuildConfiguration section */

/* Begin XCConfigurationList section */
		89EBD2C820831FB800A6F19E /* Build configuration list for PBXProject "checkwork_leaders" */ = {
			isa = XCConfigurationList;
			buildConfigurations = (
				89EBD2F320831FBA00A6F19E /* Debug */,
				89EBD2F420831FBA00A6F19E /* Release */,
			);
			defaultConfigurationIsVisible = 0;
			defaultConfigurationName = Release;
		};
		89EBD2F520831FBA00A6F19E /* Build configuration list for PBXNativeTarget "checkwork_leaders" */ = {
			isa = XCConfigurationList;
			buildConfigurations = (
				89EBD2F620831FBA00A6F19E /* Debug */,
				89EBD2F720831FBA00A6F19E /* Release */,
			);
			defaultConfigurationIsVisible = 0;
			defaultConfigurationName = Release;
		};
		89EBD2F820831FBA00A6F19E /* Build configuration list for PBXNativeTarget "checkwork_leadersTests" */ = {
			isa = XCConfigurationList;
			buildConfigurations = (
				89EBD2F920831FBA00A6F19E /* Debug */,
				89EBD2FA20831FBA00A6F19E /* Release */,
			);
			defaultConfigurationIsVisible = 0;
			defaultConfigurationName = Release;
		};
		89EBD2FB20831FBA00A6F19E /* Build configuration list for PBXNativeTarget "checkwork_leadersUITests" */ = {
			isa = XCConfigurationList;
			buildConfigurations = (
				89EBD2FC20831FBA00A6F19E /* Debug */,
				89EBD2FD20831FBA00A6F19E /* Release */,
			);
			defaultConfigurationIsVisible = 0;
			defaultConfigurationName = Release;
		};
/* End XCConfigurationList section */
	};
	rootObject = 89EBD2C520831FB800A6F19E /* Project object */;
}
